
Microsoft Visual Studio Solution File, Format Version 12.00
# Visual Studio Version 17
VisualStudioVersion = 17.3.32901.215
MinimumVisualStudioVersion = 10.0.40219.1
Project("{8BC9CEB8-8B4A-11D0-8D11-00A0C91BC942}") = "Inheritance", "Inheritance\Inheritance.vcxproj", "{0C5427BC-200C-4910-B0DC-8C2AF51C10F6}"
EndProject
Project("{8BC9CEB8-8B4A-11D0-8D11-00A0C91BC942}") = "Academy", "Academy\Academy.vcxproj", "{D4C7304F-950C-48A5-8A0E-2CEC7A70D674}"
EndProject
Project("{8BC9CEB8-8B4A-11D0-8D11-00A0C91BC942}") = "Files", "Files\Files.vcxproj", "{D68731FA-7AB5-4CAC-9E91-496707BEF3F4}"
EndProject
Project("{8BC9CEB8-8B4A-11D0-8D11-00A0C91BC942}") = "AbstractBaseClass", "AbstractBaseClass\AbstractBaseClass.vcxproj", "{548B214A-6062-4A60-AB03-6C3494BA3CF6}"
EndProject
Project("{8BC9CEB8-8B4A-11D0-8D11-00A0C91BC942}") = "AbstractGeometry", "AbstractGeometry\AbstractGeometry.vcxproj", "{C5A9355D-C1AE-4287-82A5-A8701AB4C064}"
EndProject
Global
	GlobalSection(SolutionConfigurationPlatforms) = preSolution
		Debug|x64 = Debug|x64
		Debug|x86 = Debug|x86
		Release|x64 = Release|x64
		Release|x86 = Release|x86
	EndGlobalSection
	GlobalSection(ProjectConfigurationPlatforms) = postSolution
		{0C5427BC-200C-4910-B0DC-8C2AF51C10F6}.Debug|x64.ActiveCfg = Debug|x64
		{0C5427BC-200C-4910-B0DC-8C2AF51C10F6}.Debug|x64.Build.0 = Debug|x64
		{0C5427BC-200C-4910-B0DC-8C2AF51C10F6}.Debug|x86.ActiveCfg = Debug|Win32
		{0C5427BC-200C-4910-B0DC-8C2AF51C10F6}.Debug|x86.Build.0 = Debug|Win32
		{0C5427BC-200C-4910-B0DC-8C2AF51C10F6}.Release|x64.ActiveCfg = Release|x64
		{0C5427BC-200C-4910-B0DC-8C2AF51C10F6}.Release|x64.Build.0 = Release|x64
		{0C5427BC-200C-4910-B0DC-8C2AF51C10F6}.Release|x86.ActiveCfg = Release|Win32
		{0C5427BC-200C-4910-B0DC-8C2AF51C10F6}.Release|x86.Build.0 = Release|Win32
		{D4C7304F-950C-48A5-8A0E-2CEC7A70D674}.Debug|x64.ActiveCfg = Debug|x64
		{D4C7304F-950C-48A5-8A0E-2CEC7A70D674}.Debug|x64.Build.0 = Debug|x64
		{D4C7304F-950C-48A5-8A0E-2CEC7A70D674}.Debug|x86.ActiveCfg = Debug|Win32
		{D4C7304F-950C-48A5-8A0E-2CEC7A70D674}.Debug|x86.Build.0 = Debug|Win32
		{D4C7304F-950C-48A5-8A0E-2CEC7A70D674}.Release|x64.ActiveCfg = Release|x64
		{D4C7304F-950C-48A5-8A0E-2CEC7A70D674}.Release|x64.Build.0 = Release|x64
		{D4C7304F-950C-48A5-8A0E-2CEC7A70D674}.Release|x86.ActiveCfg = Release|Win32
		{D4C7304F-950C-48A5-8A0E-2CEC7A70D674}.Release|x86.Build.0 = Release|Win32
		{D68731FA-7AB5-4CAC-9E91-496707BEF3F4}.Debug|x64.ActiveCfg = Debug|x64
		{D68731FA-7AB5-4CAC-9E91-496707BEF3F4}.Debug|x64.Build.0 = Debug|x64
		{D68731FA-7AB5-4CAC-9E91-496707BEF3F4}.Debug|x86.ActiveCfg = Debug|Win32
		{D68731FA-7AB5-4CAC-9E91-496707BEF3F4}.Debug|x86.Build.0 = Debug|Win32
		{D68731FA-7AB5-4CAC-9E91-496707BEF3F4}.Release|x64.ActiveCfg = Release|x64
		{D68731FA-7AB5-4CAC-9E91-496707BEF3F4}.Release|x64.Build.0 = Release|x64
		{D68731FA-7AB5-4CAC-9E91-496707BEF3F4}.Release|x86.ActiveCfg = Release|Win32
		{D68731FA-7AB5-4CAC-9E91-496707BEF3F4}.Release|x86.Build.0 = Release|Win32
		{548B214A-6062-4A60-AB03-6C3494BA3CF6}.Debug|x64.ActiveCfg = Debug|x64
		{548B214A-6062-4A60-AB03-6C3494BA3CF6}.Debug|x64.Build.0 = Debug|x64
		{548B214A-6062-4A60-AB03-6C3494BA3CF6}.Debug|x86.ActiveCfg = Debug|Win32
		{548B214A-6062-4A60-AB03-6C3494BA3CF6}.Debug|x86.Build.0 = Debug|Win32
		{548B214A-6062-4A60-AB03-6C3494BA3CF6}.Release|x64.ActiveCfg = Release|x64
		{548B214A-6062-4A60-AB03-6C3494BA3CF6}.Release|x64.Build.0 = Release|x64
		{548B214A-6062-4A60-AB03-6C3494BA3CF6}.Release|x86.ActiveCfg = Release|Win32
		{548B214A-6062-4A60-AB03-6C3494BA3CF6}.Release|x86.Build.0 = Release|Win32
		{C5A9355D-C1AE-4287-82A5-A8701AB4C064}.Debug|x64.ActiveCfg = Debug|x64
		{C5A9355D-C1AE-4287-82A5-A8701AB4C064}.Debug|x64.Build.0 = Debug|x64
		{C5A9355D-C1AE-4287-82A5-A8701AB4C064}.Debug|x86.ActiveCfg = Debug|Win32
		{C5A9355D-C1AE-4287-82A5-A8701AB4C064}.Debug|x86.Build.0 = Debug|Win32
		{C5A9355D-C1AE-4287-82A5-A8701AB4C064}.Release|x64.ActiveCfg = Release|x64
		{C5A9355D-C1AE-4287-82A5-A8701AB4C064}.Release|x64.Build.0 = Release|x64
		{C5A9355D-C1AE-4287-82A5-A8701AB4C064}.Release|x86.ActiveCfg = Release|Win32
		{C5A9355D-C1AE-4287-82A5-A8701AB4C064}.Release|x86.Build.0 = Release|Win32
	EndGlobalSection
	GlobalSection(SolutionProperties) = preSolution
		HideSolutionNode = FALSE
	EndGlobalSection
	GlobalSection(ExtensibilityGlobals) = postSolution
		SolutionGuid = {83429939-103B-4B05-A1DB-DDCC14DC1FEE}
	EndGlobalSection
EndGlobal
